
Microsoft Visual Studio Solution File, Format Version 12.00
# Visual Studio 2012
Project("{2150E333-8FDC-42A3-9474-1A3956D46DE8}") = "Bindings", "Bindings", "{652D23F4-BA69-44CA-90D4-AE76F4EB34F2}"
EndProject
Project("{FAE04EC0-301F-11D3-BF4B-00C04F79EFBC}") = "GolfNow.Mobile.Salesforce.Bindings.iOS", "GolfNow.Mobile.Salesforce.Bindings.iOS\GolfNow.Mobile.Salesforce.Bindings.iOS.csproj", "{D1856282-646E-46B3-B225-0B67A73CD9A5}"
EndProject
Project("{2150E333-8FDC-42A3-9474-1A3956D46DE8}") = "SampleApps", "SampleApps", "{34B59E7A-51F2-4A5B-BA3A-F9B17C3B5641}"
EndProject
Project("{FAE04EC0-301F-11D3-BF4B-00C04F79EFBC}") = "SalesforceTestApp.iOS", "SalesforceTestApp.iOS\SalesforceTestApp.iOS.csproj", "{19CCEB47-3F1E-4B86-83E5-E764ACB58E37}"
EndProject
Project("{FAE04EC0-301F-11D3-BF4B-00C04F79EFBC}") = "GolfNow.Mobile.Salesforce.Bindings.Droid", "GolfNow.Mobile.Salesforce.Bindings.Droid\GolfNow.Mobile.Salesforce.Bindings.Droid.csproj", "{D6A94956-A917-44C4-B814-6D2260B4FDDB}"
EndProject
Project("{2150E333-8FDC-42A3-9474-1A3956D46DE8}") = "Platforms", "Platforms", "{314387A5-C6B5-4128-AD10-882E01BD8156}"
EndProject
Project("{FAE04EC0-301F-11D3-BF4B-00C04F79EFBC}") = "GolfNow.Mobile.Salesforce", "GolfNow.Mobile.Salesforce\GolfNow.Mobile.Salesforce.csproj", "{DF8D460E-72F3-4624-B5F9-8F10707E8341}"
EndProject
Project("{FAE04EC0-301F-11D3-BF4B-00C04F79EFBC}") = "GolfNow.Mobile.Salesforce.iOS", "GolfNow.Mobile.Salesforce.iOS\GolfNow.Mobile.Salesforce.iOS.csproj", "{AF0B1840-EBB2-4126-BB87-B23F5E2A8642}"
EndProject
Project("{FAE04EC0-301F-11D3-BF4B-00C04F79EFBC}") = "GolfNow.Mobile.Salesforce.Droid", "GolfNow.Mobile.Salesforce.Droid\GolfNow.Mobile.Salesforce.Droid.csproj", "{63E3BACA-F723-479E-9F72-E494849C65EF}"
EndProject
Global
	GlobalSection(SolutionConfigurationPlatforms) = preSolution
		Debug|Any CPU = Debug|Any CPU
		Release|Any CPU = Release|Any CPU
		Debug|iPhoneSimulator = Debug|iPhoneSimulator
		Release|iPhone = Release|iPhone
		Release|iPhoneSimulator = Release|iPhoneSimulator
		Debug|iPhone = Debug|iPhone
	EndGlobalSection
	GlobalSection(ProjectConfigurationPlatforms) = postSolution
		{D1856282-646E-46B3-B225-0B67A73CD9A5}.Debug|Any CPU.ActiveCfg = Debug|Any CPU
		{D1856282-646E-46B3-B225-0B67A73CD9A5}.Debug|Any CPU.Build.0 = Debug|Any CPU
		{D1856282-646E-46B3-B225-0B67A73CD9A5}.Release|Any CPU.ActiveCfg = Release|Any CPU
		{D1856282-646E-46B3-B225-0B67A73CD9A5}.Release|Any CPU.Build.0 = Release|Any CPU
		{D1856282-646E-46B3-B225-0B67A73CD9A5}.Debug|iPhoneSimulator.ActiveCfg = Debug|Any CPU
		{D1856282-646E-46B3-B225-0B67A73CD9A5}.Debug|iPhoneSimulator.Build.0 = Debug|Any CPU
		{D1856282-646E-46B3-B225-0B67A73CD9A5}.Release|iPhone.ActiveCfg = Release|Any CPU
		{D1856282-646E-46B3-B225-0B67A73CD9A5}.Release|iPhone.Build.0 = Release|Any CPU
		{D1856282-646E-46B3-B225-0B67A73CD9A5}.Release|iPhoneSimulator.ActiveCfg = Release|Any CPU
		{D1856282-646E-46B3-B225-0B67A73CD9A5}.Release|iPhoneSimulator.Build.0 = Release|Any CPU
		{D1856282-646E-46B3-B225-0B67A73CD9A5}.Debug|iPhone.ActiveCfg = Debug|Any CPU
		{D1856282-646E-46B3-B225-0B67A73CD9A5}.Debug|iPhone.Build.0 = Debug|Any CPU
		{19CCEB47-3F1E-4B86-83E5-E764ACB58E37}.Debug|Any CPU.ActiveCfg = Debug|iPhoneSimulator
		{19CCEB47-3F1E-4B86-83E5-E764ACB58E37}.Debug|Any CPU.Build.0 = Debug|iPhoneSimulator
		{19CCEB47-3F1E-4B86-83E5-E764ACB58E37}.Release|Any CPU.ActiveCfg = Release|iPhone
		{19CCEB47-3F1E-4B86-83E5-E764ACB58E37}.Release|Any CPU.Build.0 = Release|iPhone
		{19CCEB47-3F1E-4B86-83E5-E764ACB58E37}.Debug|iPhoneSimulator.ActiveCfg = Debug|iPhoneSimulator
		{19CCEB47-3F1E-4B86-83E5-E764ACB58E37}.Debug|iPhoneSimulator.Build.0 = Debug|iPhoneSimulator
		{19CCEB47-3F1E-4B86-83E5-E764ACB58E37}.Release|iPhone.ActiveCfg = Release|iPhone
		{19CCEB47-3F1E-4B86-83E5-E764ACB58E37}.Release|iPhone.Build.0 = Release|iPhone
		{19CCEB47-3F1E-4B86-83E5-E764ACB58E37}.Release|iPhoneSimulator.ActiveCfg = Release|iPhoneSimulator
		{19CCEB47-3F1E-4B86-83E5-E764ACB58E37}.Release|iPhoneSimulator.Build.0 = Release|iPhoneSimulator
		{19CCEB47-3F1E-4B86-83E5-E764ACB58E37}.Debug|iPhone.ActiveCfg = Debug|iPhone
		{19CCEB47-3F1E-4B86-83E5-E764ACB58E37}.Debug|iPhone.Build.0 = Debug|iPhone
		{D6A94956-A917-44C4-B814-6D2260B4FDDB}.Debug|Any CPU.ActiveCfg = Debug|Any CPU
		{D6A94956-A917-44C4-B814-6D2260B4FDDB}.Debug|Any CPU.Build.0 = Debug|Any CPU
		{D6A94956-A917-44C4-B814-6D2260B4FDDB}.Release|Any CPU.ActiveCfg = Release|Any CPU
		{D6A94956-A917-44C4-B814-6D2260B4FDDB}.Release|Any CPU.Build.0 = Release|Any CPU
		{D6A94956-A917-44C4-B814-6D2260B4FDDB}.Debug|iPhoneSimulator.ActiveCfg = Debug|Any CPU
		{D6A94956-A917-44C4-B814-6D2260B4FDDB}.Debug|iPhoneSimulator.Build.0 = Debug|Any CPU
		{D6A94956-A917-44C4-B814-6D2260B4FDDB}.Release|iPhone.ActiveCfg = Release|Any CPU
		{D6A94956-A917-44C4-B814-6D2260B4FDDB}.Release|iPhone.Build.0 = Release|Any CPU
		{D6A94956-A917-44C4-B814-6D2260B4FDDB}.Release|iPhoneSimulator.ActiveCfg = Release|Any CPU
		{D6A94956-A917-44C4-B814-6D2260B4FDDB}.Release|iPhoneSimulator.Build.0 = Release|Any CPU
		{D6A94956-A917-44C4-B814-6D2260B4FDDB}.Debug|iPhone.ActiveCfg = Debug|Any CPU
		{D6A94956-A917-44C4-B814-6D2260B4FDDB}.Debug|iPhone.Build.0 = Debug|Any CPU
		{DF8D460E-72F3-4624-B5F9-8F10707E8341}.Debug|Any CPU.ActiveCfg = Debug|Any CPU
		{DF8D460E-72F3-4624-B5F9-8F10707E8341}.Debug|Any CPU.Build.0 = Debug|Any CPU
		{DF8D460E-72F3-4624-B5F9-8F10707E8341}.Release|Any CPU.ActiveCfg = Release|Any CPU
		{DF8D460E-72F3-4624-B5F9-8F10707E8341}.Release|Any CPU.Build.0 = Release|Any CPU
		{DF8D460E-72F3-4624-B5F9-8F10707E8341}.Debug|iPhoneSimulator.ActiveCfg = Debug|Any CPU
		{DF8D460E-72F3-4624-B5F9-8F10707E8341}.Debug|iPhoneSimulator.Build.0 = Debug|Any CPU
		{DF8D460E-72F3-4624-B5F9-8F10707E8341}.Release|iPhone.ActiveCfg = Release|Any CPU
		{DF8D460E-72F3-4624-B5F9-8F10707E8341}.Release|iPhone.Build.0 = Release|Any CPU
		{DF8D460E-72F3-4624-B5F9-8F10707E8341}.Release|iPhoneSimulator.ActiveCfg = Release|Any CPU
		{DF8D460E-72F3-4624-B5F9-8F10707E8341}.Release|iPhoneSimulator.Build.0 = Release|Any CPU
		{DF8D460E-72F3-4624-B5F9-8F10707E8341}.Debug|iPhone.ActiveCfg = Debug|Any CPU
		{DF8D460E-72F3-4624-B5F9-8F10707E8341}.Debug|iPhone.Build.0 = Debug|Any CPU
		{AF0B1840-EBB2-4126-BB87-B23F5E2A8642}.Debug|Any CPU.ActiveCfg = Debug|Any CPU
		{AF0B1840-EBB2-4126-BB87-B23F5E2A8642}.Debug|Any CPU.Build.0 = Debug|Any CPU
		{AF0B1840-EBB2-4126-BB87-B23F5E2A8642}.Release|Any CPU.ActiveCfg = Release|Any CPU
		{AF0B1840-EBB2-4126-BB87-B23F5E2A8642}.Release|Any CPU.Build.0 = Release|Any CPU
		{AF0B1840-EBB2-4126-BB87-B23F5E2A8642}.Debug|iPhoneSimulator.ActiveCfg = Debug|Any CPU
		{AF0B1840-EBB2-4126-BB87-B23F5E2A8642}.Debug|iPhoneSimulator.Build.0 = Debug|Any CPU
		{AF0B1840-EBB2-4126-BB87-B23F5E2A8642}.Release|iPhone.ActiveCfg = Release|Any CPU
		{AF0B1840-EBB2-4126-BB87-B23F5E2A8642}.Release|iPhone.Build.0 = Release|Any CPU
		{AF0B1840-EBB2-4126-BB87-B23F5E2A8642}.Release|iPhoneSimulator.ActiveCfg = Release|Any CPU
		{AF0B1840-EBB2-4126-BB87-B23F5E2A8642}.Release|iPhoneSimulator.Build.0 = Release|Any CPU
		{AF0B1840-EBB2-4126-BB87-B23F5E2A8642}.Debug|iPhone.ActiveCfg = Debug|Any CPU
		{AF0B1840-EBB2-4126-BB87-B23F5E2A8642}.Debug|iPhone.Build.0 = Debug|Any CPU
		{63E3BACA-F723-479E-9F72-E494849C65EF}.Debug|Any CPU.ActiveCfg = Debug|Any CPU
		{63E3BACA-F723-479E-9F72-E494849C65EF}.Debug|Any CPU.Build.0 = Debug|Any CPU
		{63E3BACA-F723-479E-9F72-E494849C65EF}.Release|Any CPU.ActiveCfg = Release|Any CPU
		{63E3BACA-F723-479E-9F72-E494849C65EF}.Release|Any CPU.Build.0 = Release|Any CPU
		{63E3BACA-F723-479E-9F72-E494849C65EF}.Debug|iPhoneSimulator.ActiveCfg = Debug|Any CPU
		{63E3BACA-F723-479E-9F72-E494849C65EF}.Debug|iPhoneSimulator.Build.0 = Debug|Any CPU
		{63E3BACA-F723-479E-9F72-E494849C65EF}.Release|iPhone.ActiveCfg = Release|Any CPU
		{63E3BACA-F723-479E-9F72-E494849C65EF}.Release|iPhone.Build.0 = Release|Any CPU
		{63E3BACA-F723-479E-9F72-E494849C65EF}.Release|iPhoneSimulator.ActiveCfg = Release|Any CPU
		{63E3BACA-F723-479E-9F72-E494849C65EF}.Release|iPhoneSimulator.Build.0 = Release|Any CPU
		{63E3BACA-F723-479E-9F72-E494849C65EF}.Debug|iPhone.ActiveCfg = Debug|Any CPU
		{63E3BACA-F723-479E-9F72-E494849C65EF}.Debug|iPhone.Build.0 = Debug|Any CPU
	EndGlobalSection
	GlobalSection(NestedProjects) = preSolution
		{D1856282-646E-46B3-B225-0B67A73CD9A5} = {652D23F4-BA69-44CA-90D4-AE76F4EB34F2}
		{19CCEB47-3F1E-4B86-83E5-E764ACB58E37} = {34B59E7A-51F2-4A5B-BA3A-F9B17C3B5641}
		{D6A94956-A917-44C4-B814-6D2260B4FDDB} = {652D23F4-BA69-44CA-90D4-AE76F4EB34F2}
		{AF0B1840-EBB2-4126-BB87-B23F5E2A8642} = {314387A5-C6B5-4128-AD10-882E01BD8156}
		{63E3BACA-F723-479E-9F72-E494849C65EF} = {314387A5-C6B5-4128-AD10-882E01BD8156}
	EndGlobalSection
EndGlobal
